// !$*UTF8*$!
{
	archiveVersion = 1;
	classes = {
	};
	objectVersion = 52;
	objects = {

/* Begin PBXBuildFile section */
		A4026C0125CBEFC90019ADBB /* OffersViewController.swift in Sources */ = {isa = PBXBuildFile; fileRef = A4026C0025CBEFC90019ADBB /* OffersViewController.swift */; };
		A4026C0C25CBFFE10019ADBB /* RoundedButton.swift in Sources */ = {isa = PBXBuildFile; fileRef = A4026C0B25CBFFE10019ADBB /* RoundedButton.swift */; };
		A4026C1425CC252A0019ADBB /* DetailPresenter.swift in Sources */ = {isa = PBXBuildFile; fileRef = A4026C1325CC252A0019ADBB /* DetailPresenter.swift */; };
		A4026C1925CC38490019ADBB /* OffersViewController.xib in Resources */ = {isa = PBXBuildFile; fileRef = A4026C1825CC38490019ADBB /* OffersViewController.xib */; };
		A4026C1E25CC3F280019ADBB /* film-animation.json in Resources */ = {isa = PBXBuildFile; fileRef = A4026C1D25CC3F280019ADBB /* film-animation.json */; };
		A40D5E6025CAB2E500748954 /* PizzaListItemViewCell.xib in Resources */ = {isa = PBXBuildFile; fileRef = A40D5E5F25CAB2E500748954 /* PizzaListItemViewCell.xib */; };
		A40D5E6525CAB43300748954 /* PizzaListItemViewCell.swift in Sources */ = {isa = PBXBuildFile; fileRef = A40D5E6425CAB43300748954 /* PizzaListItemViewCell.swift */; };
		A40D5E8725CAD35D00748954 /* PizzaDetailViewController.swift in Sources */ = {isa = PBXBuildFile; fileRef = A4AADFCF25C99D2600F8B8AC /* PizzaDetailViewController.swift */; };
		A40D5E8B25CAD36200748954 /* PizzaDetailViewController.xib in Resources */ = {isa = PBXBuildFile; fileRef = A4AADFD025C99D2600F8B8AC /* PizzaDetailViewController.xib */; };
		A40D5E8F25CAD36400748954 /* ConfirmationViewController.swift in Sources */ = {isa = PBXBuildFile; fileRef = A4AADFD225C99D2B00F8B8AC /* ConfirmationViewController.swift */; };
		A40D5E9325CAD36600748954 /* ConfirmationViewController.xib in Resources */ = {isa = PBXBuildFile; fileRef = A4AADFD125C99D2A00F8B8AC /* ConfirmationViewController.xib */; };
		A41769B325C9C0E8009219DF /* ListPresenter.swift in Sources */ = {isa = PBXBuildFile; fileRef = A41769B225C9C0E8009219DF /* ListPresenter.swift */; };
		A4212A7F25C327AA00A40861 /* BaseViewController.swift in Sources */ = {isa = PBXBuildFile; fileRef = A4212A7E25C327AA00A40861 /* BaseViewController.swift */; };
		A4212A8D25C3326600A40861 /* PizzaListViewController.swift in Sources */ = {isa = PBXBuildFile; fileRef = A4212A8C25C3326600A40861 /* PizzaListViewController.swift */; };
		A4212A9225C3327A00A40861 /* PizzaListViewController.xib in Resources */ = {isa = PBXBuildFile; fileRef = A4212A9125C3327A00A40861 /* PizzaListViewController.xib */; };
		A4212A9A25C33F0300A40861 /* Pizza.swift in Sources */ = {isa = PBXBuildFile; fileRef = A4212A9925C33F0300A40861 /* Pizza.swift */; };
		A445152F25C30E3C002BF116 /* LoginPresenter.swift in Sources */ = {isa = PBXBuildFile; fileRef = A445152E25C30E3C002BF116 /* LoginPresenter.swift */; };
		A445153625C326B0002BF116 /* Lottie in Frameworks */ = {isa = PBXBuildFile; productRef = A445153525C326B0002BF116 /* Lottie */; };
		A445153B25C326E3002BF116 /* pizza-loading-icon.json in Resources */ = {isa = PBXBuildFile; fileRef = A445153A25C326E3002BF116 /* pizza-loading-icon.json */; };
		A44FF7C325CD457C0073E64A /* DecisionManagerTest.swift in Sources */ = {isa = PBXBuildFile; fileRef = A44FF7C225CD457C0073E64A /* DecisionManagerTest.swift */; };
		A45CF1AA25CCDB23008BC630 /* PizzaListViewControllerTest.swift in Sources */ = {isa = PBXBuildFile; fileRef = A45CF1A925CCDB23008BC630 /* PizzaListViewControllerTest.swift */; };
		A465BCD125CC588000C203C3 /* coupon-animation.json in Resources */ = {isa = PBXBuildFile; fileRef = A465BCD025CC588000C203C3 /* coupon-animation.json */; };
		A465BCD925CC79D500C203C3 /* sale.json in Resources */ = {isa = PBXBuildFile; fileRef = A465BCD825CC79D500C203C3 /* sale.json */; };
		A465BCDE25CC8D0600C203C3 /* DecisionManager.swift in Sources */ = {isa = PBXBuildFile; fileRef = A465BCDD25CC8D0600C203C3 /* DecisionManager.swift */; };
		A465BCE325CCA2C100C203C3 /* OfferPresenter.swift in Sources */ = {isa = PBXBuildFile; fileRef = A465BCE225CCA2C100C203C3 /* OfferPresenter.swift */; };
		A465BCFD25CCBD7100C203C3 /* PizzaDetailViewControllerTest.swift in Sources */ = {isa = PBXBuildFile; fileRef = A465BCFC25CCBD7100C203C3 /* PizzaDetailViewControllerTest.swift */; };
		A46E665F25CAE44E007A8844 /* PizzaOffer.swift in Sources */ = {isa = PBXBuildFile; fileRef = A46E665E25CAE44E007A8844 /* PizzaOffer.swift */; };
		A46E666D25CB2572007A8844 /* Movie.swift in Sources */ = {isa = PBXBuildFile; fileRef = A46E666C25CB2572007A8844 /* Movie.swift */; };
		A48A997225CB38BA00924F6A /* pizza-process.json in Resources */ = {isa = PBXBuildFile; fileRef = A48A997125CB38BA00924F6A /* pizza-process.json */; };
		A4AADFD825C9A97B00F8B8AC /* NetworkManager.swift in Sources */ = {isa = PBXBuildFile; fileRef = A4AADFD725C9A97B00F8B8AC /* NetworkManager.swift */; };
		A4AADFD925C9A97B00F8B8AC /* NetworkManager.swift in Sources */ = {isa = PBXBuildFile; fileRef = A4AADFD725C9A97B00F8B8AC /* NetworkManager.swift */; };
		A4E9B2B625C178DC0054E125 /* AppDelegate.swift in Sources */ = {isa = PBXBuildFile; fileRef = A4E9B2B525C178DC0054E125 /* AppDelegate.swift */; };
		A4E9B2BF25C178DD0054E125 /* Assets.xcassets in Resources */ = {isa = PBXBuildFile; fileRef = A4E9B2BE25C178DD0054E125 /* Assets.xcassets */; };
		A4E9B2C225C178DD0054E125 /* LaunchScreen.storyboard in Resources */ = {isa = PBXBuildFile; fileRef = A4E9B2C025C178DD0054E125 /* LaunchScreen.storyboard */; };
		A4E9B2D825C178DD0054E125 /* pizzajeffUITests.swift in Sources */ = {isa = PBXBuildFile; fileRef = A4E9B2D725C178DD0054E125 /* pizzajeffUITests.swift */; };
		A4E9B2F225C17B510054E125 /* LoginViewController.swift in Sources */ = {isa = PBXBuildFile; fileRef = A4E9B2F125C17B510054E125 /* LoginViewController.swift */; };
		A4E9B30725C182420054E125 /* LoginViewController.xib in Resources */ = {isa = PBXBuildFile; fileRef = A4E9B30625C182420054E125 /* LoginViewController.xib */; };
/* End PBXBuildFile section */

/* Begin PBXContainerItemProxy section */
		A4E9B2C925C178DD0054E125 /* PBXContainerItemProxy */ = {
			isa = PBXContainerItemProxy;
			containerPortal = A4E9B2AA25C178DC0054E125 /* Project object */;
			proxyType = 1;
			remoteGlobalIDString = A4E9B2B125C178DC0054E125;
			remoteInfo = pizzajeff;
		};
		A4E9B2D425C178DD0054E125 /* PBXContainerItemProxy */ = {
			isa = PBXContainerItemProxy;
			containerPortal = A4E9B2AA25C178DC0054E125 /* Project object */;
			proxyType = 1;
			remoteGlobalIDString = A4E9B2B125C178DC0054E125;
			remoteInfo = pizzajeff;
		};
/* End PBXContainerItemProxy section */

/* Begin PBXFileReference section */
		A4026C0025CBEFC90019ADBB /* OffersViewController.swift */ = {isa = PBXFileReference; lastKnownFileType = sourcecode.swift; path = OffersViewController.swift; sourceTree = "<group>"; };
		A4026C0B25CBFFE10019ADBB /* RoundedButton.swift */ = {isa = PBXFileReference; lastKnownFileType = sourcecode.swift; path = RoundedButton.swift; sourceTree = "<group>"; };
		A4026C1325CC252A0019ADBB /* DetailPresenter.swift */ = {isa = PBXFileReference; lastKnownFileType = sourcecode.swift; path = DetailPresenter.swift; sourceTree = "<group>"; };
		A4026C1825CC38490019ADBB /* OffersViewController.xib */ = {isa = PBXFileReference; lastKnownFileType = file.xib; path = OffersViewController.xib; sourceTree = "<group>"; };
		A4026C1D25CC3F280019ADBB /* film-animation.json */ = {isa = PBXFileReference; fileEncoding = 4; lastKnownFileType = text.json; path = "film-animation.json"; sourceTree = "<group>"; };
		A40D5E5F25CAB2E500748954 /* PizzaListItemViewCell.xib */ = {isa = PBXFileReference; lastKnownFileType = file.xib; path = PizzaListItemViewCell.xib; sourceTree = "<group>"; };
		A40D5E6425CAB43300748954 /* PizzaListItemViewCell.swift */ = {isa = PBXFileReference; lastKnownFileType = sourcecode.swift; path = PizzaListItemViewCell.swift; sourceTree = "<group>"; };
		A41769B225C9C0E8009219DF /* ListPresenter.swift */ = {isa = PBXFileReference; lastKnownFileType = sourcecode.swift; path = ListPresenter.swift; sourceTree = "<group>"; };
		A4212A7E25C327AA00A40861 /* BaseViewController.swift */ = {isa = PBXFileReference; lastKnownFileType = sourcecode.swift; path = BaseViewController.swift; sourceTree = "<group>"; };
		A4212A8C25C3326600A40861 /* PizzaListViewController.swift */ = {isa = PBXFileReference; lastKnownFileType = sourcecode.swift; path = PizzaListViewController.swift; sourceTree = "<group>"; };
		A4212A9125C3327A00A40861 /* PizzaListViewController.xib */ = {isa = PBXFileReference; lastKnownFileType = file.xib; path = PizzaListViewController.xib; sourceTree = "<group>"; };
		A4212A9925C33F0300A40861 /* Pizza.swift */ = {isa = PBXFileReference; lastKnownFileType = sourcecode.swift; path = Pizza.swift; sourceTree = "<group>"; };
		A445152E25C30E3C002BF116 /* LoginPresenter.swift */ = {isa = PBXFileReference; lastKnownFileType = sourcecode.swift; path = LoginPresenter.swift; sourceTree = "<group>"; };
		A445153A25C326E3002BF116 /* pizza-loading-icon.json */ = {isa = PBXFileReference; fileEncoding = 4; lastKnownFileType = text.json; path = "pizza-loading-icon.json"; sourceTree = "<group>"; };
		A44FF7C225CD457C0073E64A /* DecisionManagerTest.swift */ = {isa = PBXFileReference; lastKnownFileType = sourcecode.swift; path = DecisionManagerTest.swift; sourceTree = "<group>"; };
		A45CF1A925CCDB23008BC630 /* PizzaListViewControllerTest.swift */ = {isa = PBXFileReference; lastKnownFileType = sourcecode.swift; path = PizzaListViewControllerTest.swift; sourceTree = "<group>"; };
		A465BCD025CC588000C203C3 /* coupon-animation.json */ = {isa = PBXFileReference; fileEncoding = 4; lastKnownFileType = text.json; path = "coupon-animation.json"; sourceTree = "<group>"; };
		A465BCD825CC79D500C203C3 /* sale.json */ = {isa = PBXFileReference; fileEncoding = 4; lastKnownFileType = text.json; path = sale.json; sourceTree = "<group>"; };
		A465BCDD25CC8D0600C203C3 /* DecisionManager.swift */ = {isa = PBXFileReference; lastKnownFileType = sourcecode.swift; path = DecisionManager.swift; sourceTree = "<group>"; };
		A465BCE225CCA2C100C203C3 /* OfferPresenter.swift */ = {isa = PBXFileReference; lastKnownFileType = sourcecode.swift; path = OfferPresenter.swift; sourceTree = "<group>"; };
		A465BCFC25CCBD7100C203C3 /* PizzaDetailViewControllerTest.swift */ = {isa = PBXFileReference; lastKnownFileType = sourcecode.swift; path = PizzaDetailViewControllerTest.swift; sourceTree = "<group>"; };
		A46E665E25CAE44E007A8844 /* PizzaOffer.swift */ = {isa = PBXFileReference; lastKnownFileType = sourcecode.swift; path = PizzaOffer.swift; sourceTree = "<group>"; };
		A46E666C25CB2572007A8844 /* Movie.swift */ = {isa = PBXFileReference; lastKnownFileType = sourcecode.swift; path = Movie.swift; sourceTree = "<group>"; };
		A48A997125CB38BA00924F6A /* pizza-process.json */ = {isa = PBXFileReference; fileEncoding = 4; lastKnownFileType = text.json; path = "pizza-process.json"; sourceTree = "<group>"; };
		A4AADFCF25C99D2600F8B8AC /* PizzaDetailViewController.swift */ = {isa = PBXFileReference; lastKnownFileType = sourcecode.swift; path = PizzaDetailViewController.swift; sourceTree = "<group>"; };
		A4AADFD025C99D2600F8B8AC /* PizzaDetailViewController.xib */ = {isa = PBXFileReference; lastKnownFileType = file.xib; path = PizzaDetailViewController.xib; sourceTree = "<group>"; };
		A4AADFD125C99D2A00F8B8AC /* ConfirmationViewController.xib */ = {isa = PBXFileReference; lastKnownFileType = file.xib; path = ConfirmationViewController.xib; sourceTree = "<group>"; };
		A4AADFD225C99D2B00F8B8AC /* ConfirmationViewController.swift */ = {isa = PBXFileReference; lastKnownFileType = sourcecode.swift; path = ConfirmationViewController.swift; sourceTree = "<group>"; };
		A4AADFD725C9A97B00F8B8AC /* NetworkManager.swift */ = {isa = PBXFileReference; lastKnownFileType = sourcecode.swift; path = NetworkManager.swift; sourceTree = "<group>"; };
		A4E9B2B225C178DC0054E125 /* pizzastore.app */ = {isa = PBXFileReference; explicitFileType = wrapper.application; includeInIndex = 0; path = pizzastore.app; sourceTree = BUILT_PRODUCTS_DIR; };
		A4E9B2B525C178DC0054E125 /* AppDelegate.swift */ = {isa = PBXFileReference; lastKnownFileType = sourcecode.swift; path = AppDelegate.swift; sourceTree = "<group>"; };
		A4E9B2BE25C178DD0054E125 /* Assets.xcassets */ = {isa = PBXFileReference; lastKnownFileType = folder.assetcatalog; path = Assets.xcassets; sourceTree = "<group>"; };
		A4E9B2C125C178DD0054E125 /* Base */ = {isa = PBXFileReference; lastKnownFileType = file.storyboard; name = Base; path = Base.lproj/LaunchScreen.storyboard; sourceTree = "<group>"; };
		A4E9B2C325C178DD0054E125 /* Info.plist */ = {isa = PBXFileReference; lastKnownFileType = text.plist.xml; path = Info.plist; sourceTree = "<group>"; };
		A4E9B2C825C178DD0054E125 /* pizzastoreTests.xctest */ = {isa = PBXFileReference; explicitFileType = wrapper.cfbundle; includeInIndex = 0; path = pizzastoreTests.xctest; sourceTree = BUILT_PRODUCTS_DIR; };
		A4E9B2CE25C178DD0054E125 /* Info.plist */ = {isa = PBXFileReference; lastKnownFileType = text.plist.xml; path = Info.plist; sourceTree = "<group>"; };
		A4E9B2D325C178DD0054E125 /* pizzastoreUITests.xctest */ = {isa = PBXFileReference; explicitFileType = wrapper.cfbundle; includeInIndex = 0; path = pizzastoreUITests.xctest; sourceTree = BUILT_PRODUCTS_DIR; };
		A4E9B2D725C178DD0054E125 /* pizzajeffUITests.swift */ = {isa = PBXFileReference; lastKnownFileType = sourcecode.swift; path = pizzajeffUITests.swift; sourceTree = "<group>"; };
		A4E9B2D925C178DD0054E125 /* Info.plist */ = {isa = PBXFileReference; lastKnownFileType = text.plist.xml; path = Info.plist; sourceTree = "<group>"; };
		A4E9B2F125C17B510054E125 /* LoginViewController.swift */ = {isa = PBXFileReference; lastKnownFileType = sourcecode.swift; path = LoginViewController.swift; sourceTree = "<group>"; };
		A4E9B30625C182420054E125 /* LoginViewController.xib */ = {isa = PBXFileReference; lastKnownFileType = file.xib; path = LoginViewController.xib; sourceTree = "<group>"; };
/* End PBXFileReference section */

/* Begin PBXFrameworksBuildPhase section */
		A4E9B2AF25C178DC0054E125 /* Frameworks */ = {
			isa = PBXFrameworksBuildPhase;
			buildActionMask = 2147483647;
			files = (
				A445153625C326B0002BF116 /* Lottie in Frameworks */,
			);
			runOnlyForDeploymentPostprocessing = 0;
		};
		A4E9B2C525C178DD0054E125 /* Frameworks */ = {
			isa = PBXFrameworksBuildPhase;
			buildActionMask = 2147483647;
			files = (
			);
			runOnlyForDeploymentPostprocessing = 0;
		};
		A4E9B2D025C178DD0054E125 /* Frameworks */ = {
			isa = PBXFrameworksBuildPhase;
			buildActionMask = 2147483647;
			files = (
			);
			runOnlyForDeploymentPostprocessing = 0;
		};
/* End PBXFrameworksBuildPhase section */

/* Begin PBXGroup section */
		A4026BFE25CBEFB30019ADBB /* Offers */ = {
			isa = PBXGroup;
			children = (
				A4026C0025CBEFC90019ADBB /* OffersViewController.swift */,
				A4026C1825CC38490019ADBB /* OffersViewController.xib */,
			);
			name = Offers;
			sourceTree = "<group>";
		};
		A41769A525C9ACF8009219DF /* Resources */ = {
			isa = PBXGroup;
			children = (
				A465BCD825CC79D500C203C3 /* sale.json */,
				A465BCD025CC588000C203C3 /* coupon-animation.json */,
				A4026C1D25CC3F280019ADBB /* film-animation.json */,
				A48A997125CB38BA00924F6A /* pizza-process.json */,
				A445153A25C326E3002BF116 /* pizza-loading-icon.json */,
			);
			path = Resources;
			sourceTree = "<group>";
		};
		A4212A8625C3301000A40861 /* Login */ = {
			isa = PBXGroup;
			children = (
				A4E9B2F125C17B510054E125 /* LoginViewController.swift */,
				A4E9B30625C182420054E125 /* LoginViewController.xib */,
			);
			name = Login;
			sourceTree = "<group>";
		};
		A4212A8725C3302200A40861 /* Common */ = {
			isa = PBXGroup;
			children = (
				A4212A7E25C327AA00A40861 /* BaseViewController.swift */,
				A4026C0B25CBFFE10019ADBB /* RoundedButton.swift */,
			);
			name = Common;
			sourceTree = "<group>";
		};
		A4212A8B25C3315900A40861 /* Master */ = {
			isa = PBXGroup;
			children = (
				A4212A8C25C3326600A40861 /* PizzaListViewController.swift */,
				A4212A9125C3327A00A40861 /* PizzaListViewController.xib */,
				A40D5E6425CAB43300748954 /* PizzaListItemViewCell.swift */,
				A40D5E5F25CAB2E500748954 /* PizzaListItemViewCell.xib */,
			);
			name = Master;
			sourceTree = "<group>";
		};
		A4212A9625C3363300A40861 /* Confirmation */ = {
			isa = PBXGroup;
			children = (
				A4AADFD225C99D2B00F8B8AC /* ConfirmationViewController.swift */,
				A4AADFD125C99D2A00F8B8AC /* ConfirmationViewController.xib */,
			);
			name = Confirmation;
			sourceTree = "<group>";
		};
		A4212A9725C3363F00A40861 /* Detail */ = {
			isa = PBXGroup;
			children = (
				A4AADFCF25C99D2600F8B8AC /* PizzaDetailViewController.swift */,
				A4AADFD025C99D2600F8B8AC /* PizzaDetailViewController.xib */,
			);
			name = Detail;
			sourceTree = "<group>";
		};
		A4AADFD625C9A96600F8B8AC /* Manager */ = {
			isa = PBXGroup;
			children = (
				A4AADFD725C9A97B00F8B8AC /* NetworkManager.swift */,
				A465BCDD25CC8D0600C203C3 /* DecisionManager.swift */,
			);
			path = Manager;
			sourceTree = "<group>";
		};
		A4E9B2A925C178DC0054E125 = {
			isa = PBXGroup;
			children = (
				A4E9B2B425C178DC0054E125 /* pizzastore */,
				A4E9B2CB25C178DD0054E125 /* pizzastoreTests */,
				A4E9B2D625C178DD0054E125 /* pizzastoreUITests */,
				A4E9B2B325C178DC0054E125 /* Products */,
			);
			sourceTree = "<group>";
		};
		A4E9B2B325C178DC0054E125 /* Products */ = {
			isa = PBXGroup;
			children = (
				A4E9B2B225C178DC0054E125 /* pizzastore.app */,
				A4E9B2C825C178DD0054E125 /* pizzastoreTests.xctest */,
				A4E9B2D325C178DD0054E125 /* pizzastoreUITests.xctest */,
			);
			name = Products;
			sourceTree = "<group>";
		};
		A4E9B2B425C178DC0054E125 /* pizzastore */ = {
			isa = PBXGroup;
			children = (
				A4E9B2EE25C17ADA0054E125 /* Model */,
				A4E9B2EF25C17AE20054E125 /* View */,
				A4E9B2F025C17AEA0054E125 /* Presenter */,
				A4AADFD625C9A96600F8B8AC /* Manager */,
				A41769A525C9ACF8009219DF /* Resources */,
				A4E9B2BE25C178DD0054E125 /* Assets.xcassets */,
				A4E9B2B525C178DC0054E125 /* AppDelegate.swift */,
				A4E9B2C025C178DD0054E125 /* LaunchScreen.storyboard */,
				A4E9B2C325C178DD0054E125 /* Info.plist */,
			);
			path = pizzastore;
			sourceTree = "<group>";
		};
		A4E9B2CB25C178DD0054E125 /* pizzastoreTests */ = {
			isa = PBXGroup;
			children = (
				A4E9B2CE25C178DD0054E125 /* Info.plist */,
				A465BCFC25CCBD7100C203C3 /* PizzaDetailViewControllerTest.swift */,
				A45CF1A925CCDB23008BC630 /* PizzaListViewControllerTest.swift */,
				A44FF7C225CD457C0073E64A /* DecisionManagerTest.swift */,
			);
			path = pizzastoreTests;
			sourceTree = "<group>";
		};
		A4E9B2D625C178DD0054E125 /* pizzastoreUITests */ = {
			isa = PBXGroup;
			children = (
				A4E9B2D725C178DD0054E125 /* pizzajeffUITests.swift */,
				A4E9B2D925C178DD0054E125 /* Info.plist */,
			);
			path = pizzastoreUITests;
			sourceTree = "<group>";
		};
		A4E9B2EE25C17ADA0054E125 /* Model */ = {
			isa = PBXGroup;
			children = (
				A4212A9925C33F0300A40861 /* Pizza.swift */,
				A46E665E25CAE44E007A8844 /* PizzaOffer.swift */,
				A46E666C25CB2572007A8844 /* Movie.swift */,
			);
			path = Model;
			sourceTree = "<group>";
		};
		A4E9B2EF25C17AE20054E125 /* View */ = {
			isa = PBXGroup;
			children = (
				A4212A8725C3302200A40861 /* Common */,
				A4212A8625C3301000A40861 /* Login */,
				A4212A8B25C3315900A40861 /* Master */,
				A4212A9725C3363F00A40861 /* Detail */,
				A4026BFE25CBEFB30019ADBB /* Offers */,
				A4212A9625C3363300A40861 /* Confirmation */,
			);
			path = View;
			sourceTree = "<group>";
		};
		A4E9B2F025C17AEA0054E125 /* Presenter */ = {
			isa = PBXGroup;
			children = (
				A445152E25C30E3C002BF116 /* LoginPresenter.swift */,
				A41769B225C9C0E8009219DF /* ListPresenter.swift */,
				A4026C1325CC252A0019ADBB /* DetailPresenter.swift */,
				A465BCE225CCA2C100C203C3 /* OfferPresenter.swift */,
			);
			path = Presenter;
			sourceTree = "<group>";
		};
/* End PBXGroup section */

/* Begin PBXNativeTarget section */
		A4E9B2B125C178DC0054E125 /* pizzastore */ = {
			isa = PBXNativeTarget;
			buildConfigurationList = A4E9B2DC25C178DD0054E125 /* Build configuration list for PBXNativeTarget "pizzastore" */;
			buildPhases = (
				A4E9B2AE25C178DC0054E125 /* Sources */,
				A4E9B2AF25C178DC0054E125 /* Frameworks */,
				A4E9B2B025C178DC0054E125 /* Resources */,
			);
			buildRules = (
			);
			dependencies = (
			);
			name = pizzastore;
			packageProductDependencies = (
				A445153525C326B0002BF116 /* Lottie */,
			);
			productName = pizzajeff;
			productReference = A4E9B2B225C178DC0054E125 /* pizzastore.app */;
			productType = "com.apple.product-type.application";
		};
		A4E9B2C725C178DD0054E125 /* pizzastoreTests */ = {
			isa = PBXNativeTarget;
			buildConfigurationList = A4E9B2DF25C178DD0054E125 /* Build configuration list for PBXNativeTarget "pizzastoreTests" */;
			buildPhases = (
				A4E9B2C425C178DD0054E125 /* Sources */,
				A4E9B2C525C178DD0054E125 /* Frameworks */,
				A4E9B2C625C178DD0054E125 /* Resources */,
			);
			buildRules = (
			);
			dependencies = (
				A4E9B2CA25C178DD0054E125 /* PBXTargetDependency */,
			);
			name = pizzastoreTests;
			productName = pizzajeffTests;
			productReference = A4E9B2C825C178DD0054E125 /* pizzastoreTests.xctest */;
			productType = "com.apple.product-type.bundle.unit-test";
		};
		A4E9B2D225C178DD0054E125 /* pizzastoreUITests */ = {
			isa = PBXNativeTarget;
			buildConfigurationList = A4E9B2E225C178DD0054E125 /* Build configuration list for PBXNativeTarget "pizzastoreUITests" */;
			buildPhases = (
				A4E9B2CF25C178DD0054E125 /* Sources */,
				A4E9B2D025C178DD0054E125 /* Frameworks */,
				A4E9B2D125C178DD0054E125 /* Resources */,
			);
			buildRules = (
			);
			dependencies = (
				A4E9B2D525C178DD0054E125 /* PBXTargetDependency */,
			);
			name = pizzastoreUITests;
			productName = pizzajeffUITests;
			productReference = A4E9B2D325C178DD0054E125 /* pizzastoreUITests.xctest */;
			productType = "com.apple.product-type.bundle.ui-testing";
		};
/* End PBXNativeTarget section */

/* Begin PBXProject section */
		A4E9B2AA25C178DC0054E125 /* Project object */ = {
			isa = PBXProject;
			attributes = {
				LastSwiftUpdateCheck = 1230;
				LastUpgradeCheck = 1230;
				TargetAttributes = {
					A4E9B2B125C178DC0054E125 = {
						CreatedOnToolsVersion = 12.3;
					};
					A4E9B2C725C178DD0054E125 = {
						CreatedOnToolsVersion = 12.3;
						TestTargetID = A4E9B2B125C178DC0054E125;
					};
					A4E9B2D225C178DD0054E125 = {
						CreatedOnToolsVersion = 12.3;
						TestTargetID = A4E9B2B125C178DC0054E125;
					};
				};
			};
			buildConfigurationList = A4E9B2AD25C178DC0054E125 /* Build configuration list for PBXProject "pizzastore" */;
			compatibilityVersion = "Xcode 9.3";
			developmentRegion = en;
			hasScannedForEncodings = 0;
			knownRegions = (
				en,
				Base,
				es,
			);
			mainGroup = A4E9B2A925C178DC0054E125;
			packageReferences = (
				A445153425C326B0002BF116 /* XCRemoteSwiftPackageReference "lottie-ios" */,
			);
			productRefGroup = A4E9B2B325C178DC0054E125 /* Products */;
			projectDirPath = "";
			projectRoot = "";
			targets = (
				A4E9B2B125C178DC0054E125 /* pizzastore */,
				A4E9B2C725C178DD0054E125 /* pizzastoreTests */,
				A4E9B2D225C178DD0054E125 /* pizzastoreUITests */,
			);
		};
/* End PBXProject section */

/* Begin PBXResourcesBuildPhase section */
		A4E9B2B025C178DC0054E125 /* Resources */ = {
			isa = PBXResourcesBuildPhase;
			buildActionMask = 2147483647;
			files = (
				A40D5E6025CAB2E500748954 /* PizzaListItemViewCell.xib in Resources */,
				A465BCD925CC79D500C203C3 /* sale.json in Resources */,
				A48A997225CB38BA00924F6A /* pizza-process.json in Resources */,
				A4212A9225C3327A00A40861 /* PizzaListViewController.xib in Resources */,
				A4E9B30725C182420054E125 /* LoginViewController.xib in Resources */,
				A4E9B2C225C178DD0054E125 /* LaunchScreen.storyboard in Resources */,
				A4026C1925CC38490019ADBB /* OffersViewController.xib in Resources */,
				A465BCD125CC588000C203C3 /* coupon-animation.json in Resources */,
				A4026C1E25CC3F280019ADBB /* film-animation.json in Resources */,
				A40D5E8B25CAD36200748954 /* PizzaDetailViewController.xib in Resources */,
				A445153B25C326E3002BF116 /* pizza-loading-icon.json in Resources */,
				A4E9B2BF25C178DD0054E125 /* Assets.xcassets in Resources */,
				A40D5E9325CAD36600748954 /* ConfirmationViewController.xib in Resources */,
			);
			runOnlyForDeploymentPostprocessing = 0;
		};
		A4E9B2C625C178DD0054E125 /* Resources */ = {
			isa = PBXResourcesBuildPhase;
			buildActionMask = 2147483647;
			files = (
			);
			runOnlyForDeploymentPostprocessing = 0;
		};
		A4E9B2D125C178DD0054E125 /* Resources */ = {
			isa = PBXResourcesBuildPhase;
			buildActionMask = 2147483647;
			files = (
			);
			runOnlyForDeploymentPostprocessing = 0;
		};
/* End PBXResourcesBuildPhase section */

/* Begin PBXSourcesBuildPhase section */
		A4E9B2AE25C178DC0054E125 /* Sources */ = {
			isa = PBXSourcesBuildPhase;
			buildActionMask = 2147483647;
			files = (
				A445152F25C30E3C002BF116 /* LoginPresenter.swift in Sources */,
				A4026C0C25CBFFE10019ADBB /* RoundedButton.swift in Sources */,
				A4212A7F25C327AA00A40861 /* BaseViewController.swift in Sources */,
				A4212A9A25C33F0300A40861 /* Pizza.swift in Sources */,
				A465BCE325CCA2C100C203C3 /* OfferPresenter.swift in Sources */,
				A40D5E6525CAB43300748954 /* PizzaListItemViewCell.swift in Sources */,
				A4AADFD825C9A97B00F8B8AC /* NetworkManager.swift in Sources */,
				A46E665F25CAE44E007A8844 /* PizzaOffer.swift in Sources */,
				A40D5E8725CAD35D00748954 /* PizzaDetailViewController.swift in Sources */,
				A4E9B2F225C17B510054E125 /* LoginViewController.swift in Sources */,
				A41769B325C9C0E8009219DF /* ListPresenter.swift in Sources */,
				A4026C1425CC252A0019ADBB /* DetailPresenter.swift in Sources */,
				A4026C0125CBEFC90019ADBB /* OffersViewController.swift in Sources */,
				A4E9B2B625C178DC0054E125 /* AppDelegate.swift in Sources */,
				A40D5E8F25CAD36400748954 /* ConfirmationViewController.swift in Sources */,
				A465BCDE25CC8D0600C203C3 /* DecisionManager.swift in Sources */,
				A4212A8D25C3326600A40861 /* PizzaListViewController.swift in Sources */,
				A46E666D25CB2572007A8844 /* Movie.swift in Sources */,
			);
			runOnlyForDeploymentPostprocessing = 0;
		};
		A4E9B2C425C178DD0054E125 /* Sources */ = {
			isa = PBXSourcesBuildPhase;
			buildActionMask = 2147483647;
			files = (
				A465BCFD25CCBD7100C203C3 /* PizzaDetailViewControllerTest.swift in Sources */,
				A44FF7C325CD457C0073E64A /* DecisionManagerTest.swift in Sources */,
				A45CF1AA25CCDB23008BC630 /* PizzaListViewControllerTest.swift in Sources */,
				A4AADFD925C9A97B00F8B8AC /* NetworkManager.swift in Sources */,
			);
			runOnlyForDeploymentPostprocessing = 0;
		};
		A4E9B2CF25C178DD0054E125 /* Sources */ = {
			isa = PBXSourcesBuildPhase;
			buildActionMask = 2147483647;
			files = (
				A4E9B2D825C178DD0054E125 /* pizzajeffUITests.swift in Sources */,
			);
			runOnlyForDeploymentPostprocessing = 0;
		};
/* End PBXSourcesBuildPhase section */

/* Begin PBXTargetDependency section */
		A4E9B2CA25C178DD0054E125 /* PBXTargetDependency */ = {
			isa = PBXTargetDependency;
			target = A4E9B2B125C178DC0054E125 /* pizzastore */;
			targetProxy = A4E9B2C925C178DD0054E125 /* PBXContainerItemProxy */;
		};
		A4E9B2D525C178DD0054E125 /* PBXTargetDependency */ = {
			isa = PBXTargetDependency;
			target = A4E9B2B125C178DC0054E125 /* pizzastore */;
			targetProxy = A4E9B2D425C178DD0054E125 /* PBXContainerItemProxy */;
		};
/* End PBXTargetDependency section */

/* Begin PBXVariantGroup section */
		A4E9B2C025C178DD0054E125 /* LaunchScreen.storyboard */ = {
			isa = PBXVariantGroup;
			children = (
				A4E9B2C125C178DD0054E125 /* Base */,
			);
			name = LaunchScreen.storyboard;
			sourceTree = "<group>";
		};
/* End PBXVariantGroup section */

/* Begin XCBuildConfiguration section */
		A4E9B2DA25C178DD0054E125 /* Debug */ = {
			isa = XCBuildConfiguration;
			buildSettings = {
				ALWAYS_SEARCH_USER_PATHS = NO;
				CLANG_ANALYZER_LOCALIZABILITY_NONLOCALIZED = YES;
				CLANG_ANALYZER_NONNULL = YES;
				CLANG_ANALYZER_NUMBER_OBJECT_CONVERSION = YES_AGGRESSIVE;
				CLANG_CXX_LANGUAGE_STANDARD = "gnu++14";
				CLANG_CXX_LIBRARY = "libc++";
				CLANG_ENABLE_MODULES = YES;
				CLANG_ENABLE_OBJC_ARC = YES;
				CLANG_ENABLE_OBJC_WEAK = YES;
				CLANG_WARN_BLOCK_CAPTURE_AUTORELEASING = YES;
				CLANG_WARN_BOOL_CONVERSION = YES;
				CLANG_WARN_COMMA = YES;
				CLANG_WARN_CONSTANT_CONVERSION = YES;
				CLANG_WARN_DEPRECATED_OBJC_IMPLEMENTATIONS = YES;
				CLANG_WARN_DIRECT_OBJC_ISA_USAGE = YES_ERROR;
				CLANG_WARN_DOCUMENTATION_COMMENTS = YES;
				CLANG_WARN_EMPTY_BODY = YES;
				CLANG_WARN_ENUM_CONVERSION = YES;
				CLANG_WARN_INFINITE_RECURSION = YES;
				CLANG_WARN_INT_CONVERSION = YES;
				CLANG_WARN_NON_LITERAL_NULL_CONVERSION = YES;
				CLANG_WARN_OBJC_IMPLICIT_RETAIN_SELF = YES;
				CLANG_WARN_OBJC_LITERAL_CONVERSION = YES;
				CLANG_WARN_OBJC_ROOT_CLASS = YES_ERROR;
				CLANG_WARN_QUOTED_INCLUDE_IN_FRAMEWORK_HEADER = YES;
				CLANG_WARN_RANGE_LOOP_ANALYSIS = YES;
				CLANG_WARN_STRICT_PROTOTYPES = YES;
				CLANG_WARN_SUSPICIOUS_MOVE = YES;
				CLANG_WARN_UNGUARDED_AVAILABILITY = YES_AGGRESSIVE;
				CLANG_WARN_UNREACHABLE_CODE = YES;
				CLANG_WARN__DUPLICATE_METHOD_MATCH = YES;
				COPY_PHASE_STRIP = NO;
				DEBUG_INFORMATION_FORMAT = dwarf;
				ENABLE_STRICT_OBJC_MSGSEND = YES;
				ENABLE_TESTABILITY = YES;
				GCC_C_LANGUAGE_STANDARD = gnu11;
				GCC_DYNAMIC_NO_PIC = NO;
				GCC_NO_COMMON_BLOCKS = YES;
				GCC_OPTIMIZATION_LEVEL = 0;
				GCC_PREPROCESSOR_DEFINITIONS = (
					"DEBUG=1",
					"$(inherited)",
				);
				GCC_WARN_64_TO_32_BIT_CONVERSION = YES;
				GCC_WARN_ABOUT_RETURN_TYPE = YES_ERROR;
				GCC_WARN_UNDECLARED_SELECTOR = YES;
				GCC_WARN_UNINITIALIZED_AUTOS = YES_AGGRESSIVE;
				GCC_WARN_UNUSED_FUNCTION = YES;
				GCC_WARN_UNUSED_VARIABLE = YES;
				IPHONEOS_DEPLOYMENT_TARGET = 14.3;
				MTL_ENABLE_DEBUG_INFO = INCLUDE_SOURCE;
				MTL_FAST_MATH = YES;
				ONLY_ACTIVE_ARCH = YES;
				SDKROOT = iphoneos;
				SWIFT_ACTIVE_COMPILATION_CONDITIONS = DEBUG;
				SWIFT_OPTIMIZATION_LEVEL = "-Onone";
			};
			name = Debug;
		};
		A4E9B2DB25C178DD0054E125 /* Release */ = {
			isa = XCBuildConfiguration;
			buildSettings = {
				ALWAYS_SEARCH_USER_PATHS = NO;
				CLANG_ANALYZER_LOCALIZABILITY_NONLOCALIZED = YES;
				CLANG_ANALYZER_NONNULL = YES;
				CLANG_ANALYZER_NUMBER_OBJECT_CONVERSION = YES_AGGRESSIVE;
				CLANG_CXX_LANGUAGE_STANDARD = "gnu++14";
				CLANG_CXX_LIBRARY = "libc++";
				CLANG_ENABLE_MODULES = YES;
				CLANG_ENABLE_OBJC_ARC = YES;
				CLANG_ENABLE_OBJC_WEAK = YES;
				CLANG_WARN_BLOCK_CAPTURE_AUTORELEASING = YES;
				CLANG_WARN_BOOL_CONVERSION = YES;
				CLANG_WARN_COMMA = YES;
				CLANG_WARN_CONSTANT_CONVERSION = YES;
				CLANG_WARN_DEPRECATED_OBJC_IMPLEMENTATIONS = YES;
				CLANG_WARN_DIRECT_OBJC_ISA_USAGE = YES_ERROR;
				CLANG_WARN_DOCUMENTATION_COMMENTS = YES;
				CLANG_WARN_EMPTY_BODY = YES;
				CLANG_WARN_ENUM_CONVERSION = YES;
				CLANG_WARN_INFINITE_RECURSION = YES;
				CLANG_WARN_INT_CONVERSION = YES;
				CLANG_WARN_NON_LITERAL_NULL_CONVERSION = YES;
				CLANG_WARN_OBJC_IMPLICIT_RETAIN_SELF = YES;
				CLANG_WARN_OBJC_LITERAL_CONVERSION = YES;
				CLANG_WARN_OBJC_ROOT_CLASS = YES_ERROR;
				CLANG_WARN_QUOTED_INCLUDE_IN_FRAMEWORK_HEADER = YES;
				CLANG_WARN_RANGE_LOOP_ANALYSIS = YES;
				CLANG_WARN_STRICT_PROTOTYPES = YES;
				CLANG_WARN_SUSPICIOUS_MOVE = YES;
				CLANG_WARN_UNGUARDED_AVAILABILITY = YES_AGGRESSIVE;
				CLANG_WARN_UNREACHABLE_CODE = YES;
				CLANG_WARN__DUPLICATE_METHOD_MATCH = YES;
				COPY_PHASE_STRIP = NO;
				DEBUG_INFORMATION_FORMAT = "dwarf-with-dsym";
				ENABLE_NS_ASSERTIONS = NO;
				ENABLE_STRICT_OBJC_MSGSEND = YES;
				GCC_C_LANGUAGE_STANDARD = gnu11;
				GCC_NO_COMMON_BLOCKS = YES;
				GCC_WARN_64_TO_32_BIT_CONVERSION = YES;
				GCC_WARN_ABOUT_RETURN_TYPE = YES_ERROR;
				GCC_WARN_UNDECLARED_SELECTOR = YES;
				GCC_WARN_UNINITIALIZED_AUTOS = YES_AGGRESSIVE;
				GCC_WARN_UNUSED_FUNCTION = YES;
				GCC_WARN_UNUSED_VARIABLE = YES;
				IPHONEOS_DEPLOYMENT_TARGET = 14.3;
				MTL_ENABLE_DEBUG_INFO = NO;
				MTL_FAST_MATH = YES;
				SDKROOT = iphoneos;
				SWIFT_COMPILATION_MODE = wholemodule;
				SWIFT_OPTIMIZATION_LEVEL = "-O";
				VALIDATE_PRODUCT = YES;
			};
			name = Release;
		};
		A4E9B2DD25C178DD0054E125 /* Debug */ = {
			isa = XCBuildConfiguration;
			buildSettings = {
				ASSETCATALOG_COMPILER_APPICON_NAME = AppIcon;
				CODE_SIGN_STYLE = Automatic;
				DEVELOPMENT_TEAM = X776RM9744;
				INFOPLIST_FILE = pizzastore/Info.plist;
				IPHONEOS_DEPLOYMENT_TARGET = 12.4;
				LD_RUNPATH_SEARCH_PATHS = (
					"$(inherited)",
					"@executable_path/Frameworks",
				);
				PRODUCT_BUNDLE_IDENTIFIER = com.cdiazmo.pizzastore;
				PRODUCT_NAME = "$(TARGET_NAME)";
				SWIFT_VERSION = 5.0;
				TARGETED_DEVICE_FAMILY = 1;
			};
			name = Debug;
		};
		A4E9B2DE25C178DD0054E125 /* Release */ = {
			isa = XCBuildConfiguration;
			buildSettings = {
				ASSETCATALOG_COMPILER_APPICON_NAME = AppIcon;
				CODE_SIGN_STYLE = Automatic;
				DEVELOPMENT_TEAM = X776RM9744;
				INFOPLIST_FILE = pizzastore/Info.plist;
				IPHONEOS_DEPLOYMENT_TARGET = 12.4;
				LD_RUNPATH_SEARCH_PATHS = (
					"$(inherited)",
					"@executable_path/Frameworks",
				);
				PRODUCT_BUNDLE_IDENTIFIER = com.cdiazmo.pizzastore;
				PRODUCT_NAME = "$(TARGET_NAME)";
				SWIFT_VERSION = 5.0;
				TARGETED_DEVICE_FAMILY = 1;
			};
			name = Release;
		};
		A4E9B2E025C178DD0054E125 /* Debug */ = {
			isa = XCBuildConfiguration;
			buildSettings = {
				ALWAYS_EMBED_SWIFT_STANDARD_LIBRARIES = YES;
				BUNDLE_LOADER = "$(TEST_HOST)";
				CODE_SIGN_STYLE = Automatic;
				DEVELOPMENT_TEAM = X776RM9744;
				INFOPLIST_FILE = pizzastoreTests/Info.plist;
				IPHONEOS_DEPLOYMENT_TARGET = 14.3;
				LD_RUNPATH_SEARCH_PATHS = (
					"$(inherited)",
					"@executable_path/Frameworks",
					"@loader_path/Frameworks",
				);
				PRODUCT_BUNDLE_IDENTIFIER = com.cdiazmo.pizzastoreTests;
				PRODUCT_NAME = "$(TARGET_NAME)";
				SWIFT_VERSION = 5.0;
				TARGETED_DEVICE_FAMILY = "1,2";
				TEST_HOST = "$(BUILT_PRODUCTS_DIR)/pizzastore.app/pizzastore";
			};
			name = Debug;
		};
		A4E9B2E125C178DD0054E125 /* Release */ = {
			isa = XCBuildConfiguration;
			buildSettings = {
				ALWAYS_EMBED_SWIFT_STANDARD_LIBRARIES = YES;
				BUNDLE_LOADER = "$(TEST_HOST)";
				CODE_SIGN_STYLE = Automatic;
				DEVELOPMENT_TEAM = X776RM9744;
				INFOPLIST_FILE = pizzastoreTests/Info.plist;
				IPHONEOS_DEPLOYMENT_TARGET = 14.3;
				LD_RUNPATH_SEARCH_PATHS = (
					"$(inherited)",
					"@executable_path/Frameworks",
					"@loader_path/Frameworks",
				);
				PRODUCT_BUNDLE_IDENTIFIER = com.cdiazmo.pizzastoreTests;
				PRODUCT_NAME = "$(TARGET_NAME)";
				SWIFT_VERSION = 5.0;
				TARGETED_DEVICE_FAMILY = "1,2";
				TEST_HOST = "$(BUILT_PRODUCTS_DIR)/pizzastore.app/pizzastore";
			};
			name = Release;
		};
		A4E9B2E325C178DD0054E125 /* Debug */ = {
			isa = XCBuildConfiguration;
			buildSettings = {
				ALWAYS_EMBED_SWIFT_STANDARD_LIBRARIES = YES;
				CODE_SIGN_STYLE = Automatic;
				DEVELOPMENT_TEAM = X776RM9744;
				INFOPLIST_FILE = pizzastoreUITests/Info.plist;
				LD_RUNPATH_SEARCH_PATHS = (
					"$(inherited)",
					"@executable_path/Frameworks",
					"@loader_path/Frameworks",
				);
				PRODUCT_BUNDLE_IDENTIFIER = com.cdiazmo.pizzastoreUITests;
				PRODUCT_NAME = "$(TARGET_NAME)";
				SWIFT_VERSION = 5.0;
				TARGETED_DEVICE_FAMILY = "1,2";
				TEST_TARGET_NAME = pizzastore;
			};
			name = Debug;
		};
		A4E9B2E425C178DD0054E125 /* Release */ = {
			isa = XCBuildConfiguration;
			buildSettings = {
				ALWAYS_EMBED_SWIFT_STANDARD_LIBRARIES = YES;
				CODE_SIGN_STYLE = Automatic;
				DEVELOPMENT_TEAM = X776RM9744;
				INFOPLIST_FILE = pizzastoreUITests/Info.plist;
				LD_RUNPATH_SEARCH_PATHS = (
					"$(inherited)",
					"@executable_path/Frameworks",
					"@loader_path/Frameworks",
				);
				PRODUCT_BUNDLE_IDENTIFIER = com.cdiazmo.pizzastoreUITests;
				PRODUCT_NAME = "$(TARGET_NAME)";
				SWIFT_VERSION = 5.0;
				TARGETED_DEVICE_FAMILY = "1,2";
				TEST_TARGET_NAME = pizzastore;
			};
			name = Release;
		};
/* End XCBuildConfiguration section */

/* Begin XCConfigurationList section */
		A4E9B2AD25C178DC0054E125 /* Build configuration list for PBXProject "pizzastore" */ = {
			isa = XCConfigurationList;
			buildConfigurations = (
				A4E9B2DA25C178DD0054E125 /* Debug */,
				A4E9B2DB25C178DD0054E125 /* Release */,
			);
			defaultConfigurationIsVisible = 0;
			defaultConfigurationName = Release;
		};
		A4E9B2DC25C178DD0054E125 /* Build configuration list for PBXNativeTarget "pizzastore" */ = {
			isa = XCConfigurationList;
			buildConfigurations = (
				A4E9B2DD25C178DD0054E125 /* Debug */,
				A4E9B2DE25C178DD0054E125 /* Release */,
			);
			defaultConfigurationIsVisible = 0;
			defaultConfigurationName = Release;
		};
		A4E9B2DF25C178DD0054E125 /* Build configuration list for PBXNativeTarget "pizzastoreTests" */ = {
			isa = XCConfigurationList;
			buildConfigurations = (
				A4E9B2E025C178DD0054E125 /* Debug */,
				A4E9B2E125C178DD0054E125 /* Release */,
			);
			defaultConfigurationIsVisible = 0;
			defaultConfigurationName = Release;
		};
		A4E9B2E225C178DD0054E125 /* Build configuration list for PBXNativeTarget "pizzastoreUITests" */ = {
			isa = XCConfigurationList;
			buildConfigurations = (
				A4E9B2E325C178DD0054E125 /* Debug */,
				A4E9B2E425C178DD0054E125 /* Release */,
			);
			defaultConfigurationIsVisible = 0;
			defaultConfigurationName = Release;
		};
/* End XCConfigurationList section */

/* Begin XCRemoteSwiftPackageReference section */
		A445153425C326B0002BF116 /* XCRemoteSwiftPackageReference "lottie-ios" */ = {
			isa = XCRemoteSwiftPackageReference;
			repositoryURL = "https://github.com/airbnb/lottie-ios.git";
			requirement = {
				kind = upToNextMajorVersion;
				minimumVersion = 3.1.9;
			};
		};
/* End XCRemoteSwiftPackageReference section */

/* Begin XCSwiftPackageProductDependency section */
		A445153525C326B0002BF116 /* Lottie */ = {
			isa = XCSwiftPackageProductDependency;
			package = A445153425C326B0002BF116 /* XCRemoteSwiftPackageReference "lottie-ios" */;
			productName = Lottie;
		};
/* End XCSwiftPackageProductDependency section */
	};
	rootObject = A4E9B2AA25C178DC0054E125 /* Project object */;
}
